
Microsoft Visual Studio Solution File, Format Version 12.00
# Visual Studio Version 16
VisualStudioVersion = 16.0.31624.102
MinimumVisualStudioVersion = 10.0.40219.1
Project("{FAE04EC0-301F-11D3-BF4B-00C04F79EFBC}") = "TodoApi", "TodoApi.csproj", "{EBA7DB91-B3CC-4AE5-AA99-EEC0C0D5A563}"
EndProject
Global
	GlobalSection(SolutionConfigurationPlatforms) = preSolution
		Debug|Any CPU = Debug|Any CPU
		Release|Any CPU = Release|Any CPU
	EndGlobalSection
	GlobalSection(ProjectConfigurationPlatforms) = postSolution
		{EBA7DB91-B3CC-4AE5-AA99-EEC0C0D5A563}.Debug|Any CPU.ActiveCfg = Debug|Any CPU
		{EBA7DB91-B3CC-4AE5-AA99-EEC0C0D5A563}.Debug|Any CPU.Build.0 = Debug|Any CPU
		{EBA7DB91-B3CC-4AE5-AA99-EEC0C0D5A563}.Release|Any CPU.ActiveCfg = Release|Any CPU
		{EBA7DB91-B3CC-4AE5-AA99-EEC0C0D5A563}.Release|Any CPU.Build.0 = Release|Any CPU
	EndGlobalSection
	GlobalSection(SolutionProperties) = preSolution
		HideSolutionNode = FALSE
	EndGlobalSection
	GlobalSection(ExtensibilityGlobals) = postSolution
		SolutionGuid = {95D10AC4-44EE-454D-A3DA-7D200F1082B1}
	EndGlobalSection
EndGlobal
